
Microsoft Visual Studio Solution File, Format Version 12.00
# Visual Studio Version 16
VisualStudioVersion = 16.0.31205.134
MinimumVisualStudioVersion = 10.0.40219.1
Project("{FAE04EC0-301F-11D3-BF4B-00C04F79EFBC}") = "Aula115", "Aula115\Aula115.csproj", "{B4D3BEB1-4EDB-4AF9-80B0-B3171870E8D2}"
EndProject
Global
	GlobalSection(SolutionConfigurationPlatforms) = preSolution
		Debug|Any CPU = Debug|Any CPU
		Release|Any CPU = Release|Any CPU
	EndGlobalSection
	GlobalSection(ProjectConfigurationPlatforms) = postSolution
		{B4D3BEB1-4EDB-4AF9-80B0-B3171870E8D2}.Debug|Any CPU.ActiveCfg = Debug|Any CPU
		{B4D3BEB1-4EDB-4AF9-80B0-B3171870E8D2}.Debug|Any CPU.Build.0 = Debug|Any CPU
		{B4D3BEB1-4EDB-4AF9-80B0-B3171870E8D2}.Release|Any CPU.ActiveCfg = Release|Any CPU
		{B4D3BEB1-4EDB-4AF9-80B0-B3171870E8D2}.Release|Any CPU.Build.0 = Release|Any CPU
	EndGlobalSection
	GlobalSection(SolutionProperties) = preSolution
		HideSolutionNode = FALSE
	EndGlobalSection
	GlobalSection(ExtensibilityGlobals) = postSolution
		SolutionGuid = {583E0F5C-4CD6-4DC4-9D6E-EEAE092D3D46}
	EndGlobalSection
EndGlobal
